// !$*UTF8*$!
{
	archiveVersion = 1;
	classes = {
	};
	objectVersion = 56;
	objects = {

/* Begin PBXBuildFile section */
		A11D9B2E2B080F2A004DF4D4 /* DetailView.swift in Sources */ = {isa = PBXBuildFile; fileRef = A11D9B2D2B080F2A004DF4D4 /* DetailView.swift */; };
		A11D9B312B081152004DF4D4 /* AddItemView.swift in Sources */ = {isa = PBXBuildFile; fileRef = A11D9B302B081152004DF4D4 /* AddItemView.swift */; };
		A11D9B342B0817E5004DF4D4 /* WelcomeView.swift in Sources */ = {isa = PBXBuildFile; fileRef = A11D9B332B0817E5004DF4D4 /* WelcomeView.swift */; };
		A11D9B372B081B2E004DF4D4 /* RegisterView.swift in Sources */ = {isa = PBXBuildFile; fileRef = A11D9B362B081B2E004DF4D4 /* RegisterView.swift */; };
		A11D9B392B081B3C004DF4D4 /* LoginView.swift in Sources */ = {isa = PBXBuildFile; fileRef = A11D9B382B081B3C004DF4D4 /* LoginView.swift */; };
		A12A3B582B042948009B9637 /* SupaDooApp.swift in Sources */ = {isa = PBXBuildFile; fileRef = A12A3B572B042948009B9637 /* SupaDooApp.swift */; };
		A12A3B5A2B042948009B9637 /* HomeView.swift in Sources */ = {isa = PBXBuildFile; fileRef = A12A3B592B042948009B9637 /* HomeView.swift */; };
		A12A3B5C2B042949009B9637 /* Assets.xcassets in Resources */ = {isa = PBXBuildFile; fileRef = A12A3B5B2B042949009B9637 /* Assets.xcassets */; };
		A12A3B5F2B042949009B9637 /* Preview Assets.xcassets in Resources */ = {isa = PBXBuildFile; fileRef = A12A3B5E2B042949009B9637 /* Preview Assets.xcassets */; };
		A12A3B692B04294A009B9637 /* SupaDooTests.swift in Sources */ = {isa = PBXBuildFile; fileRef = A12A3B682B04294A009B9637 /* SupaDooTests.swift */; };
		A12A3B732B04294A009B9637 /* SupaDooUITests.swift in Sources */ = {isa = PBXBuildFile; fileRef = A12A3B722B04294A009B9637 /* SupaDooUITests.swift */; };
		A12A3B752B04294A009B9637 /* SupaDooUITestsLaunchTests.swift in Sources */ = {isa = PBXBuildFile; fileRef = A12A3B742B04294A009B9637 /* SupaDooUITestsLaunchTests.swift */; };
		A12A3B852B04338A009B9637 /* SupaDooViewModel.swift in Sources */ = {isa = PBXBuildFile; fileRef = A12A3B842B04338A009B9637 /* SupaDooViewModel.swift */; };
		A12A3B882B0433E9009B9637 /* Secrets.swift in Sources */ = {isa = PBXBuildFile; fileRef = A12A3B872B0433E9009B9637 /* Secrets.swift */; };
		A12A3B8B2B0434E4009B9637 /* Shoppings.swift in Sources */ = {isa = PBXBuildFile; fileRef = A12A3B8A2B0434E4009B9637 /* Shoppings.swift */; };
		A12A3B8E2B043645009B9637 /* Supabase in Frameworks */ = {isa = PBXBuildFile; productRef = A12A3B8D2B043645009B9637 /* Supabase */; };
/* End PBXBuildFile section */

/* Begin PBXContainerItemProxy section */
		A12A3B652B04294A009B9637 /* PBXContainerItemProxy */ = {
			isa = PBXContainerItemProxy;
			containerPortal = A12A3B4C2B042947009B9637 /* Project object */;
			proxyType = 1;
			remoteGlobalIDString = A12A3B532B042948009B9637;
			remoteInfo = SupaDoo;
		};
		A12A3B6F2B04294A009B9637 /* PBXContainerItemProxy */ = {
			isa = PBXContainerItemProxy;
			containerPortal = A12A3B4C2B042947009B9637 /* Project object */;
			proxyType = 1;
			remoteGlobalIDString = A12A3B532B042948009B9637;
			remoteInfo = SupaDoo;
		};
/* End PBXContainerItemProxy section */

/* Begin PBXFileReference section */
		A11D9B2D2B080F2A004DF4D4 /* DetailView.swift */ = {isa = PBXFileReference; lastKnownFileType = sourcecode.swift; path = DetailView.swift; sourceTree = "<group>"; };
		A11D9B302B081152004DF4D4 /* AddItemView.swift */ = {isa = PBXFileReference; lastKnownFileType = sourcecode.swift; path = AddItemView.swift; sourceTree = "<group>"; };
		A11D9B332B0817E5004DF4D4 /* WelcomeView.swift */ = {isa = PBXFileReference; lastKnownFileType = sourcecode.swift; path = WelcomeView.swift; sourceTree = "<group>"; };
		A11D9B362B081B2E004DF4D4 /* RegisterView.swift */ = {isa = PBXFileReference; lastKnownFileType = sourcecode.swift; path = RegisterView.swift; sourceTree = "<group>"; };
		A11D9B382B081B3C004DF4D4 /* LoginView.swift */ = {isa = PBXFileReference; lastKnownFileType = sourcecode.swift; path = LoginView.swift; sourceTree = "<group>"; };
		A12A3B542B042948009B9637 /* SupaDoo.app */ = {isa = PBXFileReference; explicitFileType = wrapper.application; includeInIndex = 0; path = SupaDoo.app; sourceTree = BUILT_PRODUCTS_DIR; };
		A12A3B572B042948009B9637 /* SupaDooApp.swift */ = {isa = PBXFileReference; lastKnownFileType = sourcecode.swift; path = SupaDooApp.swift; sourceTree = "<group>"; };
		A12A3B592B042948009B9637 /* HomeView.swift */ = {isa = PBXFileReference; lastKnownFileType = sourcecode.swift; path = HomeView.swift; sourceTree = "<group>"; };
		A12A3B5B2B042949009B9637 /* Assets.xcassets */ = {isa = PBXFileReference; lastKnownFileType = folder.assetcatalog; path = Assets.xcassets; sourceTree = "<group>"; };
		A12A3B5E2B042949009B9637 /* Preview Assets.xcassets */ = {isa = PBXFileReference; lastKnownFileType = folder.assetcatalog; path = "Preview Assets.xcassets"; sourceTree = "<group>"; };
		A12A3B642B04294A009B9637 /* SupaDooTests.xctest */ = {isa = PBXFileReference; explicitFileType = wrapper.cfbundle; includeInIndex = 0; path = SupaDooTests.xctest; sourceTree = BUILT_PRODUCTS_DIR; };
		A12A3B682B04294A009B9637 /* SupaDooTests.swift */ = {isa = PBXFileReference; lastKnownFileType = sourcecode.swift; path = SupaDooTests.swift; sourceTree = "<group>"; };
		A12A3B6E2B04294A009B9637 /* SupaDooUITests.xctest */ = {isa = PBXFileReference; explicitFileType = wrapper.cfbundle; includeInIndex = 0; path = SupaDooUITests.xctest; sourceTree = BUILT_PRODUCTS_DIR; };
		A12A3B722B04294A009B9637 /* SupaDooUITests.swift */ = {isa = PBXFileReference; lastKnownFileType = sourcecode.swift; path = SupaDooUITests.swift; sourceTree = "<group>"; };
		A12A3B742B04294A009B9637 /* SupaDooUITestsLaunchTests.swift */ = {isa = PBXFileReference; lastKnownFileType = sourcecode.swift; path = SupaDooUITestsLaunchTests.swift; sourceTree = "<group>"; };
		A12A3B842B04338A009B9637 /* SupaDooViewModel.swift */ = {isa = PBXFileReference; lastKnownFileType = sourcecode.swift; path = SupaDooViewModel.swift; sourceTree = "<group>"; };
		A12A3B872B0433E9009B9637 /* Secrets.swift */ = {isa = PBXFileReference; lastKnownFileType = sourcecode.swift; path = Secrets.swift; sourceTree = "<group>"; };
		A12A3B8A2B0434E4009B9637 /* Shoppings.swift */ = {isa = PBXFileReference; lastKnownFileType = sourcecode.swift; path = Shoppings.swift; sourceTree = "<group>"; };
/* End PBXFileReference section */

/* Begin PBXFrameworksBuildPhase section */
		A12A3B512B042948009B9637 /* Frameworks */ = {
			isa = PBXFrameworksBuildPhase;
			buildActionMask = 2147483647;
			files = (
				A12A3B8E2B043645009B9637 /* Supabase in Frameworks */,
			);
			runOnlyForDeploymentPostprocessing = 0;
		};
		A12A3B612B04294A009B9637 /* Frameworks */ = {
			isa = PBXFrameworksBuildPhase;
			buildActionMask = 2147483647;
			files = (
			);
			runOnlyForDeploymentPostprocessing = 0;
		};
		A12A3B6B2B04294A009B9637 /* Frameworks */ = {
			isa = PBXFrameworksBuildPhase;
			buildActionMask = 2147483647;
			files = (
			);
			runOnlyForDeploymentPostprocessing = 0;
		};
/* End PBXFrameworksBuildPhase section */

/* Begin PBXGroup section */
		A11D9B2B2B080F11004DF4D4 /* Home */ = {
			isa = PBXGroup;
			children = (
				A12A3B592B042948009B9637 /* HomeView.swift */,
			);
			path = Home;
			sourceTree = "<group>";
		};
		A11D9B2C2B080F19004DF4D4 /* Detail */ = {
			isa = PBXGroup;
			children = (
				A11D9B2D2B080F2A004DF4D4 /* DetailView.swift */,
			);
			path = Detail;
			sourceTree = "<group>";
		};
		A11D9B2F2B08113A004DF4D4 /* Operation (Add & Edit) */ = {
			isa = PBXGroup;
			children = (
				A11D9B302B081152004DF4D4 /* AddItemView.swift */,
			);
			path = "Operation (Add & Edit)";
			sourceTree = "<group>";
		};
		A11D9B322B0817D5004DF4D4 /* Welcome */ = {
			isa = PBXGroup;
			children = (
				A11D9B332B0817E5004DF4D4 /* WelcomeView.swift */,
			);
			path = Welcome;
			sourceTree = "<group>";
		};
		A11D9B352B081B0E004DF4D4 /* Authentication */ = {
			isa = PBXGroup;
			children = (
				A11D9B362B081B2E004DF4D4 /* RegisterView.swift */,
				A11D9B382B081B3C004DF4D4 /* LoginView.swift */,
			);
			path = Authentication;
			sourceTree = "<group>";
		};
		A12A3B4B2B042947009B9637 = {
			isa = PBXGroup;
			children = (
				A12A3B562B042948009B9637 /* SupaDoo */,
				A12A3B672B04294A009B9637 /* SupaDooTests */,
				A12A3B712B04294A009B9637 /* SupaDooUITests */,
				A12A3B552B042948009B9637 /* Products */,
			);
			sourceTree = "<group>";
		};
		A12A3B552B042948009B9637 /* Products */ = {
			isa = PBXGroup;
			children = (
				A12A3B542B042948009B9637 /* SupaDoo.app */,
				A12A3B642B04294A009B9637 /* SupaDooTests.xctest */,
				A12A3B6E2B04294A009B9637 /* SupaDooUITests.xctest */,
			);
			name = Products;
			sourceTree = "<group>";
		};
		A12A3B562B042948009B9637 /* SupaDoo */ = {
			isa = PBXGroup;
			children = (
				A12A3B812B04331C009B9637 /* App */,
				A12A3B892B04341C009B9637 /* Model */,
				A12A3B822B043329009B9637 /* Views */,
				A11D9B2F2B08113A004DF4D4 /* Operation (Add & Edit) */,
				A12A3B832B04333E009B9637 /* ViewModels */,
				A12A3B862B0433B3009B9637 /* Shared */,
				A12A3B5B2B042949009B9637 /* Assets.xcassets */,
				A12A3B5D2B042949009B9637 /* Preview Content */,
			);
			path = SupaDoo;
			sourceTree = "<group>";
		};
		A12A3B5D2B042949009B9637 /* Preview Content */ = {
			isa = PBXGroup;
			children = (
				A12A3B5E2B042949009B9637 /* Preview Assets.xcassets */,
			);
			path = "Preview Content";
			sourceTree = "<group>";
		};
		A12A3B672B04294A009B9637 /* SupaDooTests */ = {
			isa = PBXGroup;
			children = (
				A12A3B682B04294A009B9637 /* SupaDooTests.swift */,
			);
			path = SupaDooTests;
			sourceTree = "<group>";
		};
		A12A3B712B04294A009B9637 /* SupaDooUITests */ = {
			isa = PBXGroup;
			children = (
				A12A3B722B04294A009B9637 /* SupaDooUITests.swift */,
				A12A3B742B04294A009B9637 /* SupaDooUITestsLaunchTests.swift */,
			);
			path = SupaDooUITests;
			sourceTree = "<group>";
		};
		A12A3B812B04331C009B9637 /* App */ = {
			isa = PBXGroup;
			children = (
				A12A3B572B042948009B9637 /* SupaDooApp.swift */,
			);
			path = App;
			sourceTree = "<group>";
		};
		A12A3B822B043329009B9637 /* Views */ = {
			isa = PBXGroup;
			children = (
				A11D9B352B081B0E004DF4D4 /* Authentication */,
				A11D9B322B0817D5004DF4D4 /* Welcome */,
				A11D9B2B2B080F11004DF4D4 /* Home */,
				A11D9B2C2B080F19004DF4D4 /* Detail */,
			);
			path = Views;
			sourceTree = "<group>";
		};
		A12A3B832B04333E009B9637 /* ViewModels */ = {
			isa = PBXGroup;
			children = (
				A12A3B842B04338A009B9637 /* SupaDooViewModel.swift */,
			);
			path = ViewModels;
			sourceTree = "<group>";
		};
		A12A3B862B0433B3009B9637 /* Shared */ = {
			isa = PBXGroup;
			children = (
				A12A3B872B0433E9009B9637 /* Secrets.swift */,
			);
			path = Shared;
			sourceTree = "<group>";
		};
		A12A3B892B04341C009B9637 /* Model */ = {
			isa = PBXGroup;
			children = (
				A12A3B8A2B0434E4009B9637 /* Shoppings.swift */,
			);
			path = Model;
			sourceTree = "<group>";
		};
/* End PBXGroup section */

/* Begin PBXNativeTarget section */
		A12A3B532B042948009B9637 /* SupaDoo */ = {
			isa = PBXNativeTarget;
			buildConfigurationList = A12A3B782B04294A009B9637 /* Build configuration list for PBXNativeTarget "SupaDoo" */;
			buildPhases = (
				A12A3B502B042948009B9637 /* Sources */,
				A12A3B512B042948009B9637 /* Frameworks */,
				A12A3B522B042948009B9637 /* Resources */,
			);
			buildRules = (
			);
			dependencies = (
			);
			name = SupaDoo;
			packageProductDependencies = (
				A12A3B8D2B043645009B9637 /* Supabase */,
			);
			productName = SupaDoo;
			productReference = A12A3B542B042948009B9637 /* SupaDoo.app */;
			productType = "com.apple.product-type.application";
		};
		A12A3B632B04294A009B9637 /* SupaDooTests */ = {
			isa = PBXNativeTarget;
			buildConfigurationList = A12A3B7B2B04294A009B9637 /* Build configuration list for PBXNativeTarget "SupaDooTests" */;
			buildPhases = (
				A12A3B602B04294A009B9637 /* Sources */,
				A12A3B612B04294A009B9637 /* Frameworks */,
				A12A3B622B04294A009B9637 /* Resources */,
			);
			buildRules = (
			);
			dependencies = (
				A12A3B662B04294A009B9637 /* PBXTargetDependency */,
			);
			name = SupaDooTests;
			productName = SupaDooTests;
			productReference = A12A3B642B04294A009B9637 /* SupaDooTests.xctest */;
			productType = "com.apple.product-type.bundle.unit-test";
		};
		A12A3B6D2B04294A009B9637 /* SupaDooUITests */ = {
			isa = PBXNativeTarget;
			buildConfigurationList = A12A3B7E2B04294A009B9637 /* Build configuration list for PBXNativeTarget "SupaDooUITests" */;
			buildPhases = (
				A12A3B6A2B04294A009B9637 /* Sources */,
				A12A3B6B2B04294A009B9637 /* Frameworks */,
				A12A3B6C2B04294A009B9637 /* Resources */,
			);
			buildRules = (
			);
			dependencies = (
				A12A3B702B04294A009B9637 /* PBXTargetDependency */,
			);
			name = SupaDooUITests;
			productName = SupaDooUITests;
			productReference = A12A3B6E2B04294A009B9637 /* SupaDooUITests.xctest */;
			productType = "com.apple.product-type.bundle.ui-testing";
		};
/* End PBXNativeTarget section */

/* Begin PBXProject section */
		A12A3B4C2B042947009B9637 /* Project object */ = {
			isa = PBXProject;
			attributes = {
				BuildIndependentTargetsInParallel = 1;
				LastSwiftUpdateCheck = 1500;
				LastUpgradeCheck = 1500;
				TargetAttributes = {
					A12A3B532B042948009B9637 = {
						CreatedOnToolsVersion = 15.0.1;
					};
					A12A3B632B04294A009B9637 = {
						CreatedOnToolsVersion = 15.0.1;
						TestTargetID = A12A3B532B042948009B9637;
					};
					A12A3B6D2B04294A009B9637 = {
						CreatedOnToolsVersion = 15.0.1;
						TestTargetID = A12A3B532B042948009B9637;
					};
				};
			};
			buildConfigurationList = A12A3B4F2B042947009B9637 /* Build configuration list for PBXProject "SupaDoo" */;
			compatibilityVersion = "Xcode 14.0";
			developmentRegion = en;
			hasScannedForEncodings = 0;
			knownRegions = (
				en,
				Base,
			);
			mainGroup = A12A3B4B2B042947009B9637;
			packageReferences = (
				A12A3B8C2B043644009B9637 /* XCRemoteSwiftPackageReference "supabase-swift" */,
			);
			productRefGroup = A12A3B552B042948009B9637 /* Products */;
			projectDirPath = "";
			projectRoot = "";
			targets = (
				A12A3B532B042948009B9637 /* SupaDoo */,
				A12A3B632B04294A009B9637 /* SupaDooTests */,
				A12A3B6D2B04294A009B9637 /* SupaDooUITests */,
			);
		};
/* End PBXProject section */

/* Begin PBXResourcesBuildPhase section */
		A12A3B522B042948009B9637 /* Resources */ = {
			isa = PBXResourcesBuildPhase;
			buildActionMask = 2147483647;
			files = (
				A12A3B5F2B042949009B9637 /* Preview Assets.xcassets in Resources */,
				A12A3B5C2B042949009B9637 /* Assets.xcassets in Resources */,
			);
			runOnlyForDeploymentPostprocessing = 0;
		};
		A12A3B622B04294A009B9637 /* Resources */ = {
			isa = PBXResourcesBuildPhase;
			buildActionMask = 2147483647;
			files = (
			);
			runOnlyForDeploymentPostprocessing = 0;
		};
		A12A3B6C2B04294A009B9637 /* Resources */ = {
			isa = PBXResourcesBuildPhase;
			buildActionMask = 2147483647;
			files = (
			);
			runOnlyForDeploymentPostprocessing = 0;
		};
/* End PBXResourcesBuildPhase section */

/* Begin PBXSourcesBuildPhase section */
		A12A3B502B042948009B9637 /* Sources */ = {
			isa = PBXSourcesBuildPhase;
			buildActionMask = 2147483647;
			files = (
				A11D9B372B081B2E004DF4D4 /* RegisterView.swift in Sources */,
				A12A3B5A2B042948009B9637 /* HomeView.swift in Sources */,
				A11D9B2E2B080F2A004DF4D4 /* DetailView.swift in Sources */,
				A11D9B312B081152004DF4D4 /* AddItemView.swift in Sources */,
				A11D9B342B0817E5004DF4D4 /* WelcomeView.swift in Sources */,
				A12A3B8B2B0434E4009B9637 /* Shoppings.swift in Sources */,
				A12A3B882B0433E9009B9637 /* Secrets.swift in Sources */,
				A12A3B852B04338A009B9637 /* SupaDooViewModel.swift in Sources */,
				A11D9B392B081B3C004DF4D4 /* LoginView.swift in Sources */,
				A12A3B582B042948009B9637 /* SupaDooApp.swift in Sources */,
			);
			runOnlyForDeploymentPostprocessing = 0;
		};
		A12A3B602B04294A009B9637 /* Sources */ = {
			isa = PBXSourcesBuildPhase;
			buildActionMask = 2147483647;
			files = (
				A12A3B692B04294A009B9637 /* SupaDooTests.swift in Sources */,
			);
			runOnlyForDeploymentPostprocessing = 0;
		};
		A12A3B6A2B04294A009B9637 /* Sources */ = {
			isa = PBXSourcesBuildPhase;
			buildActionMask = 2147483647;
			files = (
				A12A3B752B04294A009B9637 /* SupaDooUITestsLaunchTests.swift in Sources */,
				A12A3B732B04294A009B9637 /* SupaDooUITests.swift in Sources */,
			);
			runOnlyForDeploymentPostprocessing = 0;
		};
/* End PBXSourcesBuildPhase section */

/* Begin PBXTargetDependency section */
		A12A3B662B04294A009B9637 /* PBXTargetDependency */ = {
			isa = PBXTargetDependency;
			target = A12A3B532B042948009B9637 /* SupaDoo */;
			targetProxy = A12A3B652B04294A009B9637 /* PBXContainerItemProxy */;
		};
		A12A3B702B04294A009B9637 /* PBXTargetDependency */ = {
			isa = PBXTargetDependency;
			target = A12A3B532B042948009B9637 /* SupaDoo */;
			targetProxy = A12A3B6F2B04294A009B9637 /* PBXContainerItemProxy */;
		};
/* End PBXTargetDependency section */

/* Begin XCBuildConfiguration section */
		A12A3B762B04294A009B9637 /* Debug */ = {
			isa = XCBuildConfiguration;
			buildSettings = {
				ALWAYS_SEARCH_USER_PATHS = NO;
				ASSETCATALOG_COMPILER_GENERATE_SWIFT_ASSET_SYMBOL_EXTENSIONS = YES;
				CLANG_ANALYZER_NONNULL = YES;
				CLANG_ANALYZER_NUMBER_OBJECT_CONVERSION = YES_AGGRESSIVE;
				CLANG_CXX_LANGUAGE_STANDARD = "gnu++20";
				CLANG_ENABLE_MODULES = YES;
				CLANG_ENABLE_OBJC_ARC = YES;
				CLANG_ENABLE_OBJC_WEAK = YES;
				CLANG_WARN_BLOCK_CAPTURE_AUTORELEASING = YES;
				CLANG_WARN_BOOL_CONVERSION = YES;
				CLANG_WARN_COMMA = YES;
				CLANG_WARN_CONSTANT_CONVERSION = YES;
				CLANG_WARN_DEPRECATED_OBJC_IMPLEMENTATIONS = YES;
				CLANG_WARN_DIRECT_OBJC_ISA_USAGE = YES_ERROR;
				CLANG_WARN_DOCUMENTATION_COMMENTS = YES;
				CLANG_WARN_EMPTY_BODY = YES;
				CLANG_WARN_ENUM_CONVERSION = YES;
				CLANG_WARN_INFINITE_RECURSION = YES;
				CLANG_WARN_INT_CONVERSION = YES;
				CLANG_WARN_NON_LITERAL_NULL_CONVERSION = YES;
				CLANG_WARN_OBJC_IMPLICIT_RETAIN_SELF = YES;
				CLANG_WARN_OBJC_LITERAL_CONVERSION = YES;
				CLANG_WARN_OBJC_ROOT_CLASS = YES_ERROR;
				CLANG_WARN_QUOTED_INCLUDE_IN_FRAMEWORK_HEADER = YES;
				CLANG_WARN_RANGE_LOOP_ANALYSIS = YES;
				CLANG_WARN_STRICT_PROTOTYPES = YES;
				CLANG_WARN_SUSPICIOUS_MOVE = YES;
				CLANG_WARN_UNGUARDED_AVAILABILITY = YES_AGGRESSIVE;
				CLANG_WARN_UNREACHABLE_CODE = YES;
				CLANG_WARN__DUPLICATE_METHOD_MATCH = YES;
				COPY_PHASE_STRIP = NO;
				DEBUG_INFORMATION_FORMAT = dwarf;
				ENABLE_STRICT_OBJC_MSGSEND = YES;
				ENABLE_TESTABILITY = YES;
				ENABLE_USER_SCRIPT_SANDBOXING = YES;
				GCC_C_LANGUAGE_STANDARD = gnu17;
				GCC_DYNAMIC_NO_PIC = NO;
				GCC_NO_COMMON_BLOCKS = YES;
				GCC_OPTIMIZATION_LEVEL = 0;
				GCC_PREPROCESSOR_DEFINITIONS = (
					"DEBUG=1",
					"$(inherited)",
				);
				GCC_WARN_64_TO_32_BIT_CONVERSION = YES;
				GCC_WARN_ABOUT_RETURN_TYPE = YES_ERROR;
				GCC_WARN_UNDECLARED_SELECTOR = YES;
				GCC_WARN_UNINITIALIZED_AUTOS = YES_AGGRESSIVE;
				GCC_WARN_UNUSED_FUNCTION = YES;
				GCC_WARN_UNUSED_VARIABLE = YES;
				IPHONEOS_DEPLOYMENT_TARGET = 17.0;
				LOCALIZATION_PREFERS_STRING_CATALOGS = YES;
				MTL_ENABLE_DEBUG_INFO = INCLUDE_SOURCE;
				MTL_FAST_MATH = YES;
				ONLY_ACTIVE_ARCH = YES;
				SDKROOT = iphoneos;
				SWIFT_ACTIVE_COMPILATION_CONDITIONS = "DEBUG $(inherited)";
				SWIFT_OPTIMIZATION_LEVEL = "-Onone";
			};
			name = Debug;
		};
		A12A3B772B04294A009B9637 /* Release */ = {
			isa = XCBuildConfiguration;
			buildSettings = {
				ALWAYS_SEARCH_USER_PATHS = NO;
				ASSETCATALOG_COMPILER_GENERATE_SWIFT_ASSET_SYMBOL_EXTENSIONS = YES;
				CLANG_ANALYZER_NONNULL = YES;
				CLANG_ANALYZER_NUMBER_OBJECT_CONVERSION = YES_AGGRESSIVE;
				CLANG_CXX_LANGUAGE_STANDARD = "gnu++20";
				CLANG_ENABLE_MODULES = YES;
				CLANG_ENABLE_OBJC_ARC = YES;
				CLANG_ENABLE_OBJC_WEAK = YES;
				CLANG_WARN_BLOCK_CAPTURE_AUTORELEASING = YES;
				CLANG_WARN_BOOL_CONVERSION = YES;
				CLANG_WARN_COMMA = YES;
				CLANG_WARN_CONSTANT_CONVERSION = YES;
				CLANG_WARN_DEPRECATED_OBJC_IMPLEMENTATIONS = YES;
				CLANG_WARN_DIRECT_OBJC_ISA_USAGE = YES_ERROR;
				CLANG_WARN_DOCUMENTATION_COMMENTS = YES;
				CLANG_WARN_EMPTY_BODY = YES;
				CLANG_WARN_ENUM_CONVERSION = YES;
				CLANG_WARN_INFINITE_RECURSION = YES;
				CLANG_WARN_INT_CONVERSION = YES;
				CLANG_WARN_NON_LITERAL_NULL_CONVERSION = YES;
				CLANG_WARN_OBJC_IMPLICIT_RETAIN_SELF = YES;
				CLANG_WARN_OBJC_LITERAL_CONVERSION = YES;
				CLANG_WARN_OBJC_ROOT_CLASS = YES_ERROR;
				CLANG_WARN_QUOTED_INCLUDE_IN_FRAMEWORK_HEADER = YES;
				CLANG_WARN_RANGE_LOOP_ANALYSIS = YES;
				CLANG_WARN_STRICT_PROTOTYPES = YES;
				CLANG_WARN_SUSPICIOUS_MOVE = YES;
				CLANG_WARN_UNGUARDED_AVAILABILITY = YES_AGGRESSIVE;
				CLANG_WARN_UNREACHABLE_CODE = YES;
				CLANG_WARN__DUPLICATE_METHOD_MATCH = YES;
				COPY_PHASE_STRIP = NO;
				DEBUG_INFORMATION_FORMAT = "dwarf-with-dsym";
				ENABLE_NS_ASSERTIONS = NO;
				ENABLE_STRICT_OBJC_MSGSEND = YES;
				ENABLE_USER_SCRIPT_SANDBOXING = YES;
				GCC_C_LANGUAGE_STANDARD = gnu17;
				GCC_NO_COMMON_BLOCKS = YES;
				GCC_WARN_64_TO_32_BIT_CONVERSION = YES;
				GCC_WARN_ABOUT_RETURN_TYPE = YES_ERROR;
				GCC_WARN_UNDECLARED_SELECTOR = YES;
				GCC_WARN_UNINITIALIZED_AUTOS = YES_AGGRESSIVE;
				GCC_WARN_UNUSED_FUNCTION = YES;
				GCC_WARN_UNUSED_VARIABLE = YES;
				IPHONEOS_DEPLOYMENT_TARGET = 17.0;
				LOCALIZATION_PREFERS_STRING_CATALOGS = YES;
				MTL_ENABLE_DEBUG_INFO = NO;
				MTL_FAST_MATH = YES;
				SDKROOT = iphoneos;
				SWIFT_COMPILATION_MODE = wholemodule;
				VALIDATE_PRODUCT = YES;
			};
			name = Release;
		};
		A12A3B792B04294A009B9637 /* Debug */ = {
			isa = XCBuildConfiguration;
			buildSettings = {
				ASSETCATALOG_COMPILER_APPICON_NAME = AppIcon;
				ASSETCATALOG_COMPILER_GLOBAL_ACCENT_COLOR_NAME = AccentColor;
				CODE_SIGN_STYLE = Automatic;
				CURRENT_PROJECT_VERSION = 1;
				DEVELOPMENT_ASSET_PATHS = "\"SupaDoo/Preview Content\"";
				DEVELOPMENT_TEAM = 59XYW74885;
				ENABLE_PREVIEWS = YES;
				GENERATE_INFOPLIST_FILE = YES;
				INFOPLIST_KEY_UIApplicationSceneManifest_Generation = YES;
				INFOPLIST_KEY_UIApplicationSupportsIndirectInputEvents = YES;
				INFOPLIST_KEY_UILaunchScreen_Generation = YES;
				INFOPLIST_KEY_UISupportedInterfaceOrientations_iPad = "UIInterfaceOrientationPortrait UIInterfaceOrientationPortraitUpsideDown UIInterfaceOrientationLandscapeLeft UIInterfaceOrientationLandscapeRight";
				INFOPLIST_KEY_UISupportedInterfaceOrientations_iPhone = "UIInterfaceOrientationPortrait UIInterfaceOrientationLandscapeLeft UIInterfaceOrientationLandscapeRight";
				LD_RUNPATH_SEARCH_PATHS = (
					"$(inherited)",
					"@executable_path/Frameworks",
				);
				MARKETING_VERSION = 1.0;
				PRODUCT_BUNDLE_IDENTIFIER = com.nicolocurioni.SupaDoo;
				PRODUCT_NAME = "$(TARGET_NAME)";
				SWIFT_EMIT_LOC_STRINGS = YES;
				SWIFT_VERSION = 5.0;
				TARGETED_DEVICE_FAMILY = "1,2";
			};
			name = Debug;
		};
		A12A3B7A2B04294A009B9637 /* Release */ = {
			isa = XCBuildConfiguration;
			buildSettings = {
				ASSETCATALOG_COMPILER_APPICON_NAME = AppIcon;
				ASSETCATALOG_COMPILER_GLOBAL_ACCENT_COLOR_NAME = AccentColor;
				CODE_SIGN_STYLE = Automatic;
				CURRENT_PROJECT_VERSION = 1;
				DEVELOPMENT_ASSET_PATHS = "\"SupaDoo/Preview Content\"";
				DEVELOPMENT_TEAM = 59XYW74885;
				ENABLE_PREVIEWS = YES;
				GENERATE_INFOPLIST_FILE = YES;
				INFOPLIST_KEY_UIApplicationSceneManifest_Generation = YES;
				INFOPLIST_KEY_UIApplicationSupportsIndirectInputEvents = YES;
				INFOPLIST_KEY_UILaunchScreen_Generation = YES;
				INFOPLIST_KEY_UISupportedInterfaceOrientations_iPad = "UIInterfaceOrientationPortrait UIInterfaceOrientationPortraitUpsideDown UIInterfaceOrientationLandscapeLeft UIInterfaceOrientationLandscapeRight";
				INFOPLIST_KEY_UISupportedInterfaceOrientations_iPhone = "UIInterfaceOrientationPortrait UIInterfaceOrientationLandscapeLeft UIInterfaceOrientationLandscapeRight";
				LD_RUNPATH_SEARCH_PATHS = (
					"$(inherited)",
					"@executable_path/Frameworks",
				);
				MARKETING_VERSION = 1.0;
				PRODUCT_BUNDLE_IDENTIFIER = com.nicolocurioni.SupaDoo;
				PRODUCT_NAME = "$(TARGET_NAME)";
				SWIFT_EMIT_LOC_STRINGS = YES;
				SWIFT_VERSION = 5.0;
				TARGETED_DEVICE_FAMILY = "1,2";
			};
			name = Release;
		};
		A12A3B7C2B04294A009B9637 /* Debug */ = {
			isa = XCBuildConfiguration;
			buildSettings = {
				ALWAYS_EMBED_SWIFT_STANDARD_LIBRARIES = YES;
				BUNDLE_LOADER = "$(TEST_HOST)";
				CODE_SIGN_STYLE = Automatic;
				CURRENT_PROJECT_VERSION = 1;
				DEVELOPMENT_TEAM = 59XYW74885;
				GENERATE_INFOPLIST_FILE = YES;
				IPHONEOS_DEPLOYMENT_TARGET = 17.0;
				MARKETING_VERSION = 1.0;
				PRODUCT_BUNDLE_IDENTIFIER = com.nicolocurioni.SupaDooTests;
				PRODUCT_NAME = "$(TARGET_NAME)";
				SWIFT_EMIT_LOC_STRINGS = NO;
				SWIFT_VERSION = 5.0;
				TARGETED_DEVICE_FAMILY = "1,2";
				TEST_HOST = "$(BUILT_PRODUCTS_DIR)/SupaDoo.app/$(BUNDLE_EXECUTABLE_FOLDER_PATH)/SupaDoo";
			};
			name = Debug;
		};
		A12A3B7D2B04294A009B9637 /* Release */ = {
			isa = XCBuildConfiguration;
			buildSettings = {
				ALWAYS_EMBED_SWIFT_STANDARD_LIBRARIES = YES;
				BUNDLE_LOADER = "$(TEST_HOST)";
				CODE_SIGN_STYLE = Automatic;
				CURRENT_PROJECT_VERSION = 1;
				DEVELOPMENT_TEAM = 59XYW74885;
				GENERATE_INFOPLIST_FILE = YES;
				IPHONEOS_DEPLOYMENT_TARGET = 17.0;
				MARKETING_VERSION = 1.0;
				PRODUCT_BUNDLE_IDENTIFIER = com.nicolocurioni.SupaDooTests;
				PRODUCT_NAME = "$(TARGET_NAME)";
				SWIFT_EMIT_LOC_STRINGS = NO;
				SWIFT_VERSION = 5.0;
				TARGETED_DEVICE_FAMILY = "1,2";
				TEST_HOST = "$(BUILT_PRODUCTS_DIR)/SupaDoo.app/$(BUNDLE_EXECUTABLE_FOLDER_PATH)/SupaDoo";
			};
			name = Release;
		};
		A12A3B7F2B04294A009B9637 /* Debug */ = {
			isa = XCBuildConfiguration;
			buildSettings = {
				ALWAYS_EMBED_SWIFT_STANDARD_LIBRARIES = YES;
				CODE_SIGN_STYLE = Automatic;
				CURRENT_PROJECT_VERSION = 1;
				DEVELOPMENT_TEAM = 59XYW74885;
				GENERATE_INFOPLIST_FILE = YES;
				MARKETING_VERSION = 1.0;
				PRODUCT_BUNDLE_IDENTIFIER = com.nicolocurioni.SupaDooUITests;
				PRODUCT_NAME = "$(TARGET_NAME)";
				SWIFT_EMIT_LOC_STRINGS = NO;
				SWIFT_VERSION = 5.0;
				TARGETED_DEVICE_FAMILY = "1,2";
				TEST_TARGET_NAME = SupaDoo;
			};
			name = Debug;
		};
		A12A3B802B04294A009B9637 /* Release */ = {
			isa = XCBuildConfiguration;
			buildSettings = {
				ALWAYS_EMBED_SWIFT_STANDARD_LIBRARIES = YES;
				CODE_SIGN_STYLE = Automatic;
				CURRENT_PROJECT_VERSION = 1;
				DEVELOPMENT_TEAM = 59XYW74885;
				GENERATE_INFOPLIST_FILE = YES;
				MARKETING_VERSION = 1.0;
				PRODUCT_BUNDLE_IDENTIFIER = com.nicolocurioni.SupaDooUITests;
				PRODUCT_NAME = "$(TARGET_NAME)";
				SWIFT_EMIT_LOC_STRINGS = NO;
				SWIFT_VERSION = 5.0;
				TARGETED_DEVICE_FAMILY = "1,2";
				TEST_TARGET_NAME = SupaDoo;
			};
			name = Release;
		};
/* End XCBuildConfiguration section */

/* Begin XCConfigurationList section */
		A12A3B4F2B042947009B9637 /* Build configuration list for PBXProject "SupaDoo" */ = {
			isa = XCConfigurationList;
			buildConfigurations = (
				A12A3B762B04294A009B9637 /* Debug */,
				A12A3B772B04294A009B9637 /* Release */,
			);
			defaultConfigurationIsVisible = 0;
			defaultConfigurationName = Release;
		};
		A12A3B782B04294A009B9637 /* Build configuration list for PBXNativeTarget "SupaDoo" */ = {
			isa = XCConfigurationList;
			buildConfigurations = (
				A12A3B792B04294A009B9637 /* Debug */,
				A12A3B7A2B04294A009B9637 /* Release */,
			);
			defaultConfigurationIsVisible = 0;
			defaultConfigurationName = Release;
		};
		A12A3B7B2B04294A009B9637 /* Build configuration list for PBXNativeTarget "SupaDooTests" */ = {
			isa = XCConfigurationList;
			buildConfigurations = (
				A12A3B7C2B04294A009B9637 /* Debug */,
				A12A3B7D2B04294A009B9637 /* Release */,
			);
			defaultConfigurationIsVisible = 0;
			defaultConfigurationName = Release;
		};
		A12A3B7E2B04294A009B9637 /* Build configuration list for PBXNativeTarget "SupaDooUITests" */ = {
			isa = XCConfigurationList;
			buildConfigurations = (
				A12A3B7F2B04294A009B9637 /* Debug */,
				A12A3B802B04294A009B9637 /* Release */,
			);
			defaultConfigurationIsVisible = 0;
			defaultConfigurationName = Release;
		};
/* End XCConfigurationList section */

/* Begin XCRemoteSwiftPackageReference section */
		A12A3B8C2B043644009B9637 /* XCRemoteSwiftPackageReference "supabase-swift" */ = {
			isa = XCRemoteSwiftPackageReference;
			repositoryURL = "https://github.com/supabase-community/supabase-swift.git";
			requirement = {
				kind = upToNextMajorVersion;
				minimumVersion = 0.3.0;
			};
		};
/* End XCRemoteSwiftPackageReference section */

/* Begin XCSwiftPackageProductDependency section */
		A12A3B8D2B043645009B9637 /* Supabase */ = {
			isa = XCSwiftPackageProductDependency;
			package = A12A3B8C2B043644009B9637 /* XCRemoteSwiftPackageReference "supabase-swift" */;
			productName = Supabase;
		};
/* End XCSwiftPackageProductDependency section */
	};
	rootObject = A12A3B4C2B042947009B9637 /* Project object */;
}
